
Microsoft Visual Studio Solution File, Format Version 12.00
# Visual Studio Version 17
VisualStudioVersion = 17.14.37111.16
MinimumVisualStudioVersion = 10.0.40219.1
Project("{FAE04EC0-301F-11D3-BF4B-00C04F79EFBC}") = "MazeGenerator", "MazeGenerator\MazeGenerator.csproj", "{7E2D50B1-39E4-4871-8C94-5779C04DD268}"
EndProject
Global
	GlobalSection(SolutionConfigurationPlatforms) = preSolution
		Debug|Any CPU = Debug|Any CPU
		Release|Any CPU = Release|Any CPU
	EndGlobalSection
	GlobalSection(ProjectConfigurationPlatforms) = postSolution
		{7E2D50B1-39E4-4871-8C94-5779C04DD268}.Debug|Any CPU.ActiveCfg = Debug|Any CPU
		{7E2D50B1-39E4-4871-8C94-5779C04DD268}.Debug|Any CPU.Build.0 = Debug|Any CPU
		{7E2D50B1-39E4-4871-8C94-5779C04DD268}.Release|Any CPU.ActiveCfg = Release|Any CPU
		{7E2D50B1-39E4-4871-8C94-5779C04DD268}.Release|Any CPU.Build.0 = Release|Any CPU
	EndGlobalSection
	GlobalSection(SolutionProperties) = preSolution
		HideSolutionNode = FALSE
	EndGlobalSection
	GlobalSection(ExtensibilityGlobals) = postSolution
		SolutionGuid = {716FDC38-DC96-459F-B6EE-AC9CD8817A75}
	EndGlobalSection
EndGlobal
